
Microsoft Visual Studio Solution File, Format Version 12.00
# Visual Studio Version 17
VisualStudioVersion = 17.8.34525.116
MinimumVisualStudioVersion = 10.0.40219.1
Project("{FAE04EC0-301F-11D3-BF4B-00C04F79EFBC}") = "laba20", "laba20.csproj", "{CC63953D-4FA9-4904-85CE-470D96F9BF59}"
EndProject
Global
	GlobalSection(SolutionConfigurationPlatforms) = preSolution
		Debug|Any CPU = Debug|Any CPU
		Release|Any CPU = Release|Any CPU
	EndGlobalSection
	GlobalSection(ProjectConfigurationPlatforms) = postSolution
		{CC63953D-4FA9-4904-85CE-470D96F9BF59}.Debug|Any CPU.ActiveCfg = Debug|Any CPU
		{CC63953D-4FA9-4904-85CE-470D96F9BF59}.Debug|Any CPU.Build.0 = Debug|Any CPU
		{CC63953D-4FA9-4904-85CE-470D96F9BF59}.Release|Any CPU.ActiveCfg = Release|Any CPU
		{CC63953D-4FA9-4904-85CE-470D96F9BF59}.Release|Any CPU.Build.0 = Release|Any CPU
	EndGlobalSection
	GlobalSection(SolutionProperties) = preSolution
		HideSolutionNode = FALSE
	EndGlobalSection
	GlobalSection(ExtensibilityGlobals) = postSolution
		SolutionGuid = {9C8EE1B9-4436-40D8-B126-2DF8FBB71CAF}
	EndGlobalSection
EndGlobal
